<?xml version="1.0" encoding="utf-8"?>
<Project ToolsVersion="4.0" xmlns="http://schemas.microsoft.com/developer/msbuild/2003">
  <ItemGroup>
    <Filter Include="Source Files">
      <UniqueIdentifier>{4FC737F1-C7A5-4376-A066-2A32D752A2FF}</UniqueIdentifier>
      <Extensions>cpp;c;cc;cxx;def;odl;idl;hpj;bat;asm;asmx</Extensions>
    </Filter>
    <Filter Include="Header Files">
      <UniqueIdentifier>{93995380-89BD-4b04-88EB-625FBE52EBFB}</UniqueIdentifier>
      <Extensions>h;hh;hpp;hxx;hm;inl;inc;xsd</Extensions>
    </Filter>
    <Filter Include="Resource Files">
      <UniqueIdentifier>{67DA6AB6-F800-4c08-8B7A-83BB121AAD01}</UniqueIdentifier>
      <Extensions>rc;ico;cur;bmp;dlg;rc2;rct;bin;rgs;gif;jpg;jpeg;jpe;resx;tiff;tif;png;wav;mfcribbon-ms</Extensions>
    </Filter>
    <Filter Include="Engine">
      <UniqueIdentifier>{51b2fe4a-c27e-4d14-9130-a1424b55164c}</UniqueIdentifier>
    </Filter>
    <Filter Include="Engine\Graphical">
      <UniqueIdentifier>{b5114410-5ec2-40ec-b223-95144e567083}</UniqueIdentifier>
    </Filter>
    <Filter Include="Engine\GameObjects">
      <UniqueIdentifier>{2b35c98d-1a8b-4f13-98d1-72e673cb09ba}</UniqueIdentifier>
    </Filter>
    <Filter Include="Engine\Graphical\TransformAlgorithms">
      <UniqueIdentifier>{c4cd5d47-ffb4-45d7-9119-bcca401340b0}</UniqueIdentifier>
    </Filter>
    <Filter Include="Engine\GOAP/FSM">
      <UniqueIdentifier>{8c36ba89-5b82-470b-a717-ec8570a9a36b}</UniqueIdentifier>
    </Filter>
  </ItemGroup>
  <ItemGroup>
    <ClCompile Include="Main.cpp">
      <Filter>Source Files</Filter>
    </ClCompile>
    <ClCompile Include="IsometricConversion.cpp">
      <Filter>Source Files</Filter>
    </ClCompile>
    <ClCompile Include="EventManager.cpp">
      <Filter>Source Files</Filter>
    </ClCompile>
    <ClCompile Include="ResourceManager.cpp">
      <Filter>Source Files</Filter>
    </ClCompile>
    <ClCompile Include="Map.cpp">
      <Filter>Source Files</Filter>
    </ClCompile>
    <ClCompile Include="Tile.cpp">
      <Filter>Source Files</Filter>
    </ClCompile>
    <ClCompile Include="Game.cpp">
      <Filter>Source Files</Filter>
    </ClCompile>
    <ClCompile Include="CameraController.cpp">
      <Filter>Source Files</Filter>
    </ClCompile>
    <ClCompile Include="GameState.cpp">
      <Filter>Source Files</Filter>
    </ClCompile>
    <ClCompile Include="GameStateSimulation.cpp">
      <Filter>Source Files</Filter>
    </ClCompile>
    <ClCompile Include="GameStateMenu.cpp">
      <Filter>Source Files</Filter>
    </ClCompile>
    <ClCompile Include="Button.cpp">
      <Filter>Source Files</Filter>
    </ClCompile>
    <ClCompile Include="Clickable.cpp">
      <Filter>Source Files</Filter>
    </ClCompile>
    <ClCompile Include="Window.cpp">
      <Filter>Source Files</Filter>
    </ClCompile>
    <ClCompile Include="TestButtonContainer.cpp">
      <Filter>Source Files</Filter>
    </ClCompile>
    <ClCompile Include="Dragable.cpp">
      <Filter>Source Files</Filter>
    </ClCompile>
    <ClCompile Include="Inventoryslot.cpp">
      <Filter>Source Files</Filter>
    </ClCompile>
    <ClCompile Include="WindowManager.cpp">
      <Filter>Source Files</Filter>
    </ClCompile>
    <ClCompile Include="Menu.cpp">
      <Filter>Source Files</Filter>
    </ClCompile>
    <ClCompile Include="Entity.cpp">
      <Filter>Source Files</Filter>
    </ClCompile>
    <ClCompile Include="SimulationController.cpp">
      <Filter>Source Files</Filter>
    </ClCompile>
    <ClCompile Include="TileGraph.cpp">
      <Filter>Source Files</Filter>
    </ClCompile>
    <ClCompile Include="MapManager.cpp">
      <Filter>Source Files</Filter>
    </ClCompile>
    <ClCompile Include="Creature.cpp">
      <Filter>Source Files</Filter>
    </ClCompile>
    <ClCompile Include="EntityManager.cpp">
      <Filter>Source Files</Filter>
    </ClCompile>
    <ClCompile Include="Object.cpp">
      <Filter>Source Files</Filter>
    </ClCompile>
    <ClCompile Include="CharacterAttributes.cpp">
      <Filter>Source Files</Filter>
    </ClCompile>
    <ClCompile Include="MousePointer.cpp">
      <Filter>Source Files</Filter>
    </ClCompile>
    <ClCompile Include="EventObserver.cpp">
      <Filter>Source Files</Filter>
    </ClCompile>
    <ClCompile Include="Item.cpp">
      <Filter>Source Files</Filter>
    </ClCompile>
    <ClCompile Include="Inventory.cpp">
      <Filter>Source Files</Filter>
    </ClCompile>
    <ClCompile Include="ItemDatabase.cpp">
      <Filter>Source Files</Filter>
    </ClCompile>
    <ClCompile Include="ItemManager.cpp">
      <Filter>Source Files</Filter>
    </ClCompile>
    <ClCompile Include="Tooltip.cpp">
      <Filter>Source Files</Filter>
    </ClCompile>
    <ClCompile Include="AnimationNode.cpp">
      <Filter>Engine\Graphical</Filter>
    </ClCompile>
    <ClCompile Include="AnimationSystem.cpp">
      <Filter>Engine\Graphical</Filter>
    </ClCompile>
    <ClCompile Include="DrawingManager.cpp">
      <Filter>Engine\Graphical</Filter>
    </ClCompile>
    <ClCompile Include="Transformabetter.cpp">
      <Filter>Engine\Graphical</Filter>
    </ClCompile>
    <ClCompile Include="ContentRegion.cpp">
      <Filter>Engine\Graphical</Filter>
    </ClCompile>
    <ClCompile Include="ContentRegionCharacterAttributes.cpp">
      <Filter>Engine\Graphical</Filter>
    </ClCompile>
    <ClCompile Include="ContentRegionInventory.cpp">
      <Filter>Engine\Graphical</Filter>
    </ClCompile>
    <ClCompile Include="ContentRegionMenu.cpp">
      <Filter>Engine\Graphical</Filter>
    </ClCompile>
    <ClCompile Include="TransAlgWalk.cpp">
      <Filter>Engine\Graphical\TransformAlgorithms</Filter>
    </ClCompile>
    <ClCompile Include="TransAlgSwing.cpp">
      <Filter>Engine\Graphical\TransformAlgorithms</Filter>
    </ClCompile>
    <ClCompile Include="TransAlgHappy.cpp">
      <Filter>Engine\Graphical\TransformAlgorithms</Filter>
    </ClCompile>
    <ClCompile Include="TransAlgMad.cpp">
      <Filter>Engine\Graphical\TransformAlgorithms</Filter>
    </ClCompile>
    <ClCompile Include="TransAlgCast.cpp">
      <Filter>Source Files</Filter>
    </ClCompile>
    <ClCompile Include="EntityFactory.cpp">
      <Filter>Source Files</Filter>
    </ClCompile>
    <ClCompile Include="AnimationTextureBased.cpp">
      <Filter>Engine\Graphical</Filter>
    </ClCompile>
    <ClCompile Include="AnimationTransformBased.cpp">
      <Filter>Engine\Graphical</Filter>
    </ClCompile>
    <ClCompile Include="EnhancedText.cpp">
      <Filter>Engine\Graphical</Filter>
    </ClCompile>
    <ClCompile Include="TextBox.cpp">
      <Filter>Source Files</Filter>
    </ClCompile>
    <ClCompile Include="ContentRegionTextBox.cpp">
      <Filter>Source Files</Filter>
    </ClCompile>
    <ClCompile Include="Action.cpp">
      <Filter>Engine\GOAP/FSM</Filter>
    </ClCompile>
    <ClCompile Include="ActionMeleeAttack.cpp">
      <Filter>Engine\GOAP/FSM</Filter>
    </ClCompile>
    <ClCompile Include="ActionPickUpItem.cpp">
      <Filter>Engine\GOAP/FSM</Filter>
    </ClCompile>
    <ClCompile Include="Movement.cpp">
      <Filter>Source Files</Filter>
    </ClCompile>
    <ClCompile Include="PlayerController.cpp">
      <Filter>Source Files</Filter>
    </ClCompile>
    <ClCompile Include="GoalsControllable.cpp">
      <Filter>Source Files</Filter>
    </ClCompile>
    <ClCompile Include="GoapPlanner.cpp">
      <Filter>Engine\GOAP/FSM</Filter>
    </ClCompile>
    <ClCompile Include="GoapAgent.cpp">
      <Filter>Engine\GOAP/FSM</Filter>
    </ClCompile>
    <ClCompile Include="ActionGotoTile.cpp">
      <Filter>Source Files</Filter>
    </ClCompile>
  </ItemGroup>
  <ItemGroup>
    <ClInclude Include="IsometricConversion.h">
      <Filter>Header Files</Filter>
    </ClInclude>
    <ClInclude Include="Constants.h">
      <Filter>Header Files</Filter>
    </ClInclude>
    <ClInclude Include="Map.h">
      <Filter>Header Files</Filter>
    </ClInclude>
    <ClInclude Include="EventManager.h">
      <Filter>Header Files</Filter>
    </ClInclude>
    <ClInclude Include="EventObserver.h">
      <Filter>Header Files</Filter>
    </ClInclude>
    <ClInclude Include="ResourceManager.h">
      <Filter>Header Files</Filter>
    </ClInclude>
    <ClInclude Include="Tile.h">
      <Filter>Header Files</Filter>
    </ClInclude>
    <ClInclude Include="Game.h">
      <Filter>Header Files</Filter>
    </ClInclude>
    <ClInclude Include="CameraController.h">
      <Filter>Header Files</Filter>
    </ClInclude>
    <ClInclude Include="GameState.h">
      <Filter>Header Files</Filter>
    </ClInclude>
    <ClInclude Include="GameStateMenu.h">
      <Filter>Header Files</Filter>
    </ClInclude>
    <ClInclude Include="GameStateSimulation.h">
      <Filter>Header Files</Filter>
    </ClInclude>
    <ClInclude Include="VectorFunctions.h">
      <Filter>Header Files</Filter>
    </ClInclude>
    <ClInclude Include="VectorRotation.h">
      <Filter>Header Files</Filter>
    </ClInclude>
    <ClInclude Include="Button.h">
      <Filter>Header Files</Filter>
    </ClInclude>
    <ClInclude Include="Clickable.h">
      <Filter>Header Files</Filter>
    </ClInclude>
    <ClInclude Include="Window.h">
      <Filter>Header Files</Filter>
    </ClInclude>
    <ClInclude Include="TestButtonContainer.h">
      <Filter>Header Files</Filter>
    </ClInclude>
    <ClInclude Include="Dragable.h">
      <Filter>Header Files</Filter>
    </ClInclude>
    <ClInclude Include="Inventoryslot.h">
      <Filter>Header Files</Filter>
    </ClInclude>
    <ClInclude Include="DynamicArray.h">
      <Filter>Header Files</Filter>
    </ClInclude>
    <ClInclude Include="WindowManager.h">
      <Filter>Header Files</Filter>
    </ClInclude>
    <ClInclude Include="Menu.h">
      <Filter>Header Files</Filter>
    </ClInclude>
    <ClInclude Include="Entity.h">
      <Filter>Header Files</Filter>
    </ClInclude>
    <ClInclude Include="SimulationController.h">
      <Filter>Header Files</Filter>
    </ClInclude>
    <ClInclude Include="MapManager.h">
      <Filter>Header Files</Filter>
    </ClInclude>
    <ClInclude Include="TileGraph.h">
      <Filter>Header Files</Filter>
    </ClInclude>
    <ClInclude Include="Item.h">
      <Filter>Header Files</Filter>
    </ClInclude>
    <ClInclude Include="Creature.h">
      <Filter>Header Files</Filter>
    </ClInclude>
    <ClInclude Include="EntityManager.h">
      <Filter>Header Files</Filter>
    </ClInclude>
    <ClInclude Include="Object.h">
      <Filter>Header Files</Filter>
    </ClInclude>
    <ClInclude Include="IEntityManager.h">
      <Filter>Header Files</Filter>
    </ClInclude>
    <ClInclude Include="CharacterAttributes.h">
      <Filter>Header Files</Filter>
    </ClInclude>
    <ClInclude Include="EntityEvent.h">
      <Filter>Header Files</Filter>
    </ClInclude>
    <ClInclude Include="ExtendedEvent.h">
      <Filter>Header Files</Filter>
    </ClInclude>
    <ClInclude Include="MousePointer.h">
      <Filter>Header Files</Filter>
    </ClInclude>
    <ClInclude Include="ItemDatabase.h">
      <Filter>Header Files</Filter>
    </ClInclude>
    <ClInclude Include="ItemManager.h">
      <Filter>Header Files</Filter>
    </ClInclude>
    <ClInclude Include="Inventory.h">
      <Filter>Header Files</Filter>
    </ClInclude>
    <ClInclude Include="Tooltip.h">
      <Filter>Header Files</Filter>
    </ClInclude>
    <ClInclude Include="IAnimationListener.h">
      <Filter>Engine\Graphical</Filter>
    </ClInclude>
    <ClInclude Include="AnimationTransformBased.h">
      <Filter>Engine\Graphical</Filter>
    </ClInclude>
    <ClInclude Include="AnimationNode.h">
      <Filter>Engine\Graphical</Filter>
    </ClInclude>
    <ClInclude Include="AnimationSystem.h">
      <Filter>Engine\Graphical</Filter>
    </ClInclude>
    <ClInclude Include="DrawingManager.h">
      <Filter>Engine\Graphical</Filter>
    </ClInclude>
    <ClInclude Include="DrawThis.h">
      <Filter>Engine\Graphical</Filter>
    </ClInclude>
    <ClInclude Include="Transformabetter.h">
      <Filter>Engine\Graphical</Filter>
    </ClInclude>
    <ClInclude Include="ContentRegion.h">
      <Filter>Engine\Graphical</Filter>
    </ClInclude>
    <ClInclude Include="ContentRegionCharacterAttributes.h">
      <Filter>Engine\Graphical</Filter>
    </ClInclude>
    <ClInclude Include="ContentRegionInventory.h">
      <Filter>Engine\Graphical</Filter>
    </ClInclude>
    <ClInclude Include="ContentRegionMenu.h">
      <Filter>Engine\Graphical</Filter>
    </ClInclude>
    <ClInclude Include="TransformAlgorithm.h">
      <Filter>Engine\Graphical\TransformAlgorithms</Filter>
    </ClInclude>
    <ClInclude Include="TransAlgWalk.h">
      <Filter>Engine\Graphical\TransformAlgorithms</Filter>
    </ClInclude>
    <ClInclude Include="TransAlgSwing.h">
      <Filter>Engine\Graphical\TransformAlgorithms</Filter>
    </ClInclude>
    <ClInclude Include="TransAlgMad.h">
      <Filter>Engine\Graphical\TransformAlgorithms</Filter>
    </ClInclude>
    <ClInclude Include="TransAlgHappy.h">
      <Filter>Engine\Graphical\TransformAlgorithms</Filter>
    </ClInclude>
    <ClInclude Include="TransAlgCast.h">
      <Filter>Header Files</Filter>
    </ClInclude>
    <ClInclude Include="EntityFactory.h">
      <Filter>Header Files</Filter>
    </ClInclude>
    <ClInclude Include="AnimationTextureBased.h">
      <Filter>Engine\Graphical</Filter>
    </ClInclude>
    <ClInclude Include="EnhancedText.h">
      <Filter>Engine\Graphical</Filter>
    </ClInclude>
    <ClInclude Include="TextBox.h">
      <Filter>Engine\Graphical</Filter>
    </ClInclude>
    <ClInclude Include="ContentRegionTextBox.h">
      <Filter>Engine\Graphical</Filter>
    </ClInclude>
    <ClInclude Include="Action.h">
      <Filter>Engine\GOAP/FSM</Filter>
    </ClInclude>
    <ClInclude Include="ActionMeleeAttack.h">
      <Filter>Engine\GOAP/FSM</Filter>
    </ClInclude>
    <ClInclude Include="ActionPatrol.h">
      <Filter>Engine\GOAP/FSM</Filter>
    </ClInclude>
    <ClInclude Include="ActionPickUpItem.h">
      <Filter>Engine\GOAP/FSM</Filter>
    </ClInclude>
    <ClInclude Include="IGoap.h">
      <Filter>Engine\GOAP/FSM</Filter>
    </ClInclude>
    <ClInclude Include="GoapPlanner.h">
      <Filter>Engine\GOAP/FSM</Filter>
    </ClInclude>
    <ClInclude Include="GoapAgent.h">
      <Filter>Engine\GOAP/FSM</Filter>
    </ClInclude>
    <ClInclude Include="FSM.h">
      <Filter>Engine\GOAP/FSM</Filter>
    </ClInclude>
    <ClInclude Include="FSMHandler.h">
      <Filter>Engine\GOAP/FSM</Filter>
    </ClInclude>
    <ClInclude Include="Typedefs.h">
      <Filter>Header Files</Filter>
    </ClInclude>
    <ClInclude Include="Movement.h">
      <Filter>Header Files</Filter>
    </ClInclude>
    <ClInclude Include="ActionHelper.h">
      <Filter>Header Files</Filter>
    </ClInclude>
    <ClInclude Include="Goals.h">
      <Filter>Engine\GOAP/FSM</Filter>
    </ClInclude>
    <ClInclude Include="PlayerController.h">
      <Filter>Header Files</Filter>
    </ClInclude>
    <ClInclude Include="GoalsControllable.h">
      <Filter>Engine\GOAP/FSM</Filter>
    </ClInclude>
    <ClInclude Include="ActionGotoTile.h">
      <Filter>Header Files</Filter>
    </ClInclude>
  </ItemGroup>
</Project>